
Microsoft Visual Studio Solution File, Format Version 12.00
Project("{FAE04EC0-301F-11D3-BF4B-00C04F79EFBC}") = "Scratch", "Scratch\Scratch.csproj", "{87FF66FA-CE8E-40FE-B105-4C4B9BCF414B}"
EndProject
Project("{FAE04EC0-301F-11D3-BF4B-00C04F79EFBC}") = "MetaFoo.Tests", "MetaFoo.Tests\MetaFoo.Tests.csproj", "{8566786A-A6CF-4572-AAD0-97734C0751B7}"
EndProject
Project("{FAE04EC0-301F-11D3-BF4B-00C04F79EFBC}") = "MetaFoo.Core", "MetaFoo.Core\MetaFoo.Core.csproj", "{BE6C62BB-670C-4E73-9202-ABDA407FB209}"
EndProject
Global
	GlobalSection(SolutionConfigurationPlatforms) = preSolution
		Debug|Any CPU = Debug|Any CPU
		Release|Any CPU = Release|Any CPU
	EndGlobalSection
	GlobalSection(ProjectConfigurationPlatforms) = postSolution
		{87FF66FA-CE8E-40FE-B105-4C4B9BCF414B}.Debug|Any CPU.ActiveCfg = Debug|Any CPU
		{87FF66FA-CE8E-40FE-B105-4C4B9BCF414B}.Debug|Any CPU.Build.0 = Debug|Any CPU
		{87FF66FA-CE8E-40FE-B105-4C4B9BCF414B}.Release|Any CPU.ActiveCfg = Release|Any CPU
		{87FF66FA-CE8E-40FE-B105-4C4B9BCF414B}.Release|Any CPU.Build.0 = Release|Any CPU
		{8566786A-A6CF-4572-AAD0-97734C0751B7}.Debug|Any CPU.ActiveCfg = Debug|Any CPU
		{8566786A-A6CF-4572-AAD0-97734C0751B7}.Debug|Any CPU.Build.0 = Debug|Any CPU
		{8566786A-A6CF-4572-AAD0-97734C0751B7}.Release|Any CPU.ActiveCfg = Release|Any CPU
		{8566786A-A6CF-4572-AAD0-97734C0751B7}.Release|Any CPU.Build.0 = Release|Any CPU
		{BE6C62BB-670C-4E73-9202-ABDA407FB209}.Debug|Any CPU.ActiveCfg = Debug|Any CPU
		{BE6C62BB-670C-4E73-9202-ABDA407FB209}.Debug|Any CPU.Build.0 = Debug|Any CPU
		{BE6C62BB-670C-4E73-9202-ABDA407FB209}.Release|Any CPU.ActiveCfg = Release|Any CPU
		{BE6C62BB-670C-4E73-9202-ABDA407FB209}.Release|Any CPU.Build.0 = Release|Any CPU
	EndGlobalSection
EndGlobal
